
Microsoft Visual Studio Solution File, Format Version 12.00
# Visual Studio 15
VisualStudioVersion = 15.0.28010.2026
MinimumVisualStudioVersion = 10.0.40219.1
Project("{FAE04EC0-301F-11D3-BF4B-00C04F79EFBC}") = "School Soft V1.0.0.0.1", "School Soft V1.0.0.0.1\School Soft V1.0.0.0.1.csproj", "{67CB33BD-C0B5-459B-BD6C-97A1A92783A2}"
EndProject
Global
	GlobalSection(SolutionConfigurationPlatforms) = preSolution
		Debug|Any CPU = Debug|Any CPU
		Release|Any CPU = Release|Any CPU
	EndGlobalSection
	GlobalSection(ProjectConfigurationPlatforms) = postSolution
		{67CB33BD-C0B5-459B-BD6C-97A1A92783A2}.Debug|Any CPU.ActiveCfg = Debug|Any CPU
		{67CB33BD-C0B5-459B-BD6C-97A1A92783A2}.Debug|Any CPU.Build.0 = Debug|Any CPU
		{67CB33BD-C0B5-459B-BD6C-97A1A92783A2}.Release|Any CPU.ActiveCfg = Release|Any CPU
		{67CB33BD-C0B5-459B-BD6C-97A1A92783A2}.Release|Any CPU.Build.0 = Release|Any CPU
	EndGlobalSection
	GlobalSection(SolutionProperties) = preSolution
		HideSolutionNode = FALSE
	EndGlobalSection
	GlobalSection(ExtensibilityGlobals) = postSolution
		SolutionGuid = {649613C8-6DF4-45DA-847B-7418AE3898EC}
	EndGlobalSection
EndGlobal
